{
  "version": "2",
  "remote": {
    "https://agacdn.onrender.com/AgaDev:ComplexMath@1.0.0/": "3912b2add47bb085f29be038a0a35dc37c86e597ccbefc61682150aec929e67c",
    "https://agacdn.onrender.com/AgaDev:ComplexMath@1.0.0/Angle.class.ts": "1560e1d6648f0f10f9f7311c0b1fee058f37f25d1cb7f491b3d7963eeaefdf62",
    "https://agacdn.onrender.com/AgaDev:ComplexMath@1.0.0/ComplexNumber.class.ts": "c006e4cfd419cd476efa519affbfb771e9cd65a2e2ce676293bddd1f7b6b1f80",
    "https://agacdn.onrender.com/AgaDev:ComplexMath@1.0.0/Parser.class.ts": "930ea6e9d14607e369e7a32b580b9d6c79e050ba52c46f626f79db9daf59fb01",
    "https://agacdn.onrender.com/AgaDev:ComplexMath@1.0.0/Polar.class.ts": "d49e69680ea734db980b3c7502781d1f7c96ffdfa5316767a2ff6f7eef9f0aee",
    "https://agacdn.onrender.com/AgaDev:ComplexMath@1.0.0/constants.ts": "ac7278910f2230ba9bd8242f64a92bbe96fe7f779bcd36f3e0bddc346f77cff6",
    "https://agacdn.onrender.com/AgaDev:ComplexMath@1.0.0/functions.ts": "e6df7b2f685da8bae0c47821ca164f9bfe8121a7577a3d45dd320f2bb80f2701",
    "https://agacdn.onrender.com/AgaDev:ComplexMath@1.0.0/util.ts": "11ac72206525e9d5f19fad76b2631c74717c8edc44833ec1b3a38dfb024a1b6c",
    "https://agacdn.onrender.com/AgaDev:colors@1.0.0/": "c8c6ffaea2aabc39dd705837f107ab9c479ab6aae37e5d1fd9cade36554c3425",
    "https://agacdn.onrender.com/AgaDev:colors@1.0.0/constants.ts": "de1af73c44584e3f237f0423fbe61cc369b8e64b97414ea24659f320aa906d42",
    "https://agacdn.onrender.com/AgaDev:colors@1.0.0/functions.ts": "d3e8ae516fa1ee47199bec1f2b7412d5dab94c5bd803f388d300b7a6c3444772",
    "https://agacdn.onrender.com/AgaDev:utils@1.0.0/tokenize.fn.ts": "a56a8605e679fbf4dfeae3b491d99fcc21cbd66c417226e7d4f40a10760f4bb2",
    "https://agacdn.onrender.com/AgaDev:utils@1.0.0/util.ts": "49b352d615452b1d05b88e04337e8b841b259005914126827c82629e6c981697",
    "https://agacdn.onrender.com/AgaDev:utils@1.0.0/validation.ts": "af79fae952a5b396f269a9c377dc5e196a50d55e8194a3e3a0cefe7e54f42250",
    "https://agacdn.onrender.com/AgaDev:utils@1.1.0/Inspectable.class.ts": "421946a3320608e2c12a8255dc10a305c27dface94ba16eb290cf24606a5d022",
    "https://deno.land/std@0.200.0/assert/assert.ts": "9a97dad6d98c238938e7540736b826440ad8c1c1e54430ca4c4e623e585607ee",
    "https://deno.land/std@0.200.0/assert/assertion_error.ts": "4d0bde9b374dfbcbe8ac23f54f567b77024fb67dbb1906a852d67fe050d42f56",
    "https://deno.land/std@0.200.0/async/abortable.ts": "fd682fa46f3b7b16b4606a5ab52a7ce309434b76f820d3221bdfb862719a15d7",
    "https://deno.land/std@0.200.0/async/deadline.ts": "58f72a3cc0fcb731b2cc055ba046f4b5be3349ff6bf98f2e793c3b969354aab2",
    "https://deno.land/std@0.200.0/async/debounce.ts": "adab11d04ca38d699444ac8a9d9856b4155e8dda2afd07ce78276c01ea5a4332",
    "https://deno.land/std@0.200.0/async/deferred.ts": "42790112f36a75a57db4a96d33974a936deb7b04d25c6084a9fa8a49f135def8",
    "https://deno.land/std@0.200.0/async/delay.ts": "a6142eb44cdd856b645086af2b811b1fcce08ec06bb7d50969e6a872ee9b8659",
    "https://deno.land/std@0.200.0/async/mod.ts": "f04344fa21738e5ad6bea37a6bfffd57c617c2d372bb9f9dcfd118a1b622e576",
    "https://deno.land/std@0.200.0/async/mux_async_iterator.ts": "70c7f2ee4e9466161350473ad61cac0b9f115cff4c552eaa7ef9d50c4cbb4cc9",
    "https://deno.land/std@0.200.0/async/pool.ts": "f1b8d3df4d7fd3c73f8cbc91cc2e8b8e950910f1eab94230b443944d7584c657",
    "https://deno.land/std@0.200.0/async/retry.ts": "296fb9c323e1325a69bee14ba947e7da7409a8dd9dd646d70cb51ea0d301f24e",
    "https://deno.land/std@0.200.0/async/tee.ts": "47e42d35f622650b02234d43803d0383a89eb4387e1b83b5a40106d18ae36757",
    "https://deno.land/x/input@2.0.3/history.ts": "3cad3fee1e2f86d4202ca6ab49f1a5609aff2323ff762cc637e1da3edbef9608",
    "https://deno.land/x/input@2.0.3/index.ts": "f9539661733886f9497873a640a79be4f996ea2d40408b68e74691353f5a5539",
    "https://deno.land/x/input@2.0.3/printer.ts": "60339de0f3d98ca9ad2cb4e3b047d0b680e27ed7ceb987d82d96fc00f7ab04d1",
    "https://deno.land/x/input@2.0.3/types.ts": "915079a7187073c9c9c99863ab4e4a4c7341e25bf5d4a2e02c33f8b896dd0c69",
    "https://raw.githubusercontent.com/AdrianCraft07/ts-lib/main/Errors.consts.ts": "0a88752e3f923e0af15c1d7f10143961aa3f1157e17d944781d15613c312ceb2",
    "https://raw.githubusercontent.com/AdrianCraft07/ts-lib/main/tokenize.fn.ts": "d027355b29b8b81ce24fc2576bb695ad8b10223ce0481247a4c8bf8b17ec9181"
  }
}
